[[package]]
name = "certifi"
version = "2022.6.15"
description = "Python package for providing Mozilla's CA Bundle."
category = "main"
optional = false
python-versions = ">=3.6"

[[package]]
name = "charset-normalizer"
version = "2.1.1"
description = "The Real First Universal Charset Detector. Open, modern and actively maintained alternative to Chardet."
category = "main"
optional = false
python-versions = ">=3.6.0"

[package.extras]
unicode_backport = ["unicodedata2"]

[[package]]
name = "idle"
version = "1.0.4"
description = "Alternavtive of notepad"
category = "main"
optional = false
python-versions = ">=3.6"

[[package]]
name = "idna"
version = "3.3"
description = "Internationalized Domain Names in Applications (IDNA)"
category = "main"
optional = false
python-versions = ">=3.5"

[[package]]
name = "numpy"
version = "1.23.2"
description = "NumPy is the fundamental package for array computing with Python."
category = "main"
optional = false
python-versions = ">=3.8"

[[package]]
name = "pandas"
version = "1.4.4"
description = "Powerful data structures for data analysis, time series, and statistics"
category = "main"
optional = false
python-versions = ">=3.8"

[package.dependencies]
numpy = {version = ">=1.21.0", markers = "python_version >= \"3.10\""}
python-dateutil = ">=2.8.1"
pytz = ">=2020.1"

[package.extras]
test = ["hypothesis (>=5.5.3)", "pytest (>=6.0)", "pytest-xdist (>=1.31)"]

[[package]]
name = "praw"
version = "7.6.0"
description = "PRAW, an acronym for `Python Reddit API Wrapper`, is a python package that allows for simple access to  Reddit's API."
category = "main"
optional = false
python-versions = "~=3.7"

[package.dependencies]
prawcore = ">=2.1,<3"
update-checker = ">=0.18"
websocket-client = ">=0.54.0"

[package.extras]
ci = ["coveralls"]
dev = ["packaging", "pre-commit", "sphinx", "sphinx-rtd-theme", "betamax (>=0.8,<0.9)", "betamax-matchers (>=0.3.0,<0.5)", "pytest (>=2.7.3)", "requests (>=2.20.1,<3)"]
lint = ["pre-commit", "sphinx", "sphinx-rtd-theme"]
readthedocs = ["sphinx", "sphinx-rtd-theme"]
test = ["betamax (>=0.8,<0.9)", "betamax-matchers (>=0.3.0,<0.5)", "pytest (>=2.7.3)", "requests (>=2.20.1,<3)"]

[[package]]
name = "prawcore"
version = "2.3.0"
description = "Low-level communication layer for PRAW 4+."
category = "main"
optional = false
python-versions = "~=3.6"

[package.dependencies]
requests = ">=2.6.0,<3.0"

[package.extras]
test = ["testfixtures (>4.13.2,<7)", "pytest", "mock (>=0.8)", "betamax-serializers (>=0.2.0,<0.3)", "betamax-matchers (>=0.4.0,<0.5)", "betamax (>=0.8,<0.9)"]
lint = ["flynt", "pydocstyle", "pre-commit", "flake8", "black"]
dev = ["testfixtures (>4.13.2,<7)", "pytest", "mock (>=0.8)", "betamax-serializers (>=0.2.0,<0.3)", "betamax-matchers (>=0.4.0,<0.5)", "betamax (>=0.8,<0.9)", "flynt", "pydocstyle", "pre-commit", "flake8", "black"]
ci = ["coveralls"]

[[package]]
name = "python-dateutil"
version = "2.8.2"
description = "Extensions to the standard Python datetime module"
category = "main"
optional = false
python-versions = "!=3.0.*,!=3.1.*,!=3.2.*,>=2.7"

[package.dependencies]
six = ">=1.5"

[[package]]
name = "pytz"
version = "2022.2.1"
description = "World timezone definitions, modern and historical"
category = "main"
optional = false
python-versions = "*"

[[package]]
name = "requests"
version = "2.28.1"
description = "Python HTTP for Humans."
category = "main"
optional = false
python-versions = ">=3.7, <4"

[package.dependencies]
certifi = ">=2017.4.17"
charset-normalizer = ">=2,<3"
idna = ">=2.5,<4"
urllib3 = ">=1.21.1,<1.27"

[package.extras]
socks = ["PySocks (>=1.5.6,!=1.5.7)"]
use_chardet_on_py3 = ["chardet (>=3.0.2,<6)"]

[[package]]
name = "six"
version = "1.16.0"
description = "Python 2 and 3 compatibility utilities"
category = "main"
optional = false
python-versions = ">=2.7, !=3.0.*, !=3.1.*, !=3.2.*"

[[package]]
name = "update-checker"
version = "0.18.0"
description = "A python module that will check for package updates."
category = "main"
optional = false
python-versions = "*"

[package.dependencies]
requests = ">=2.3.0"

[package.extras]
dev = ["black", "flake8", "pytest (>=2.7.3)"]
lint = ["black", "flake8"]
test = ["pytest (>=2.7.3)"]

[[package]]
name = "urllib3"
version = "1.26.12"
description = "HTTP library with thread-safe connection pooling, file post, and more."
category = "main"
optional = false
python-versions = ">=2.7, !=3.0.*, !=3.1.*, !=3.2.*, !=3.3.*, !=3.4.*, !=3.5.*, <4"

[package.extras]
brotli = ["brotlicffi (>=0.8.0)", "brotli (>=1.0.9)", "brotlipy (>=0.6.0)"]
secure = ["pyOpenSSL (>=0.14)", "cryptography (>=1.3.4)", "idna (>=2.0.0)", "certifi", "urllib3-secure-extra", "ipaddress"]
socks = ["PySocks (>=1.5.6,!=1.5.7,<2.0)"]

[[package]]
name = "websocket-client"
version = "1.4.0"
description = "WebSocket client for Python with low level API options"
category = "main"
optional = false
python-versions = ">=3.7"

[package.extras]
test = ["websockets"]
optional = ["wsaccel", "python-socks"]
docs = ["sphinx-rtd-theme (>=0.5)", "Sphinx (>=3.4)"]

[metadata]
lock-version = "1.1"
python-versions = "^3.10"
content-hash = "f2cd4ebb2db081433a0b168168effe7c7bdcceb299a57d2f68d7a07e15d05ab4"

[metadata.files]
certifi = []
charset-normalizer = []
idle = []
idna = []
numpy = []
pandas = []
praw = []
prawcore = []
python-dateutil = []
pytz = []
requests = []
six = []
update-checker = []
urllib3 = []
websocket-client = []
